schema: '2.0'
stages:
  prepare:
    cmd: python src/make_dataset.py
    deps:
    - path: data/accidents_full.csv
      hash: md5
      md5: 7438e7e45f79852d81a76966e35043ae
      size: 339334996
    - path: src/make_dataset.py
      hash: md5
      md5: 411e809a261e7ae7680c573b47642f9f
      size: 3468
    outs:
    - path: data/preprocessed
      hash: md5
      md5: 682bfeb3904b6fa79eb2c6595fc56ed8.dir
      size: 102573430
      nfiles: 4
  train:
    cmd: python src/train_model.py
    deps:
    - path: data/preprocessed
      hash: md5
      md5: 682bfeb3904b6fa79eb2c6595fc56ed8.dir
      size: 102573430
      nfiles: 4
    - path: src/train_model.py
      hash: md5
      md5: 60ec13389f5ed6dd3c7022ddb5ac53f3
      size: 1751
    outs:
    - path: models/xgb_model.pkl
      hash: md5
      md5: 357b9b0558310e84e4482ceda18643c4
      size: 3921802
  evaluate:
    cmd: python src/evaluate_model.py
    deps:
    - path: data/preprocessed
      hash: md5
      md5: 682bfeb3904b6fa79eb2c6595fc56ed8.dir
      size: 102573430
      nfiles: 4
    - path: models/xgb_model.pkl
      hash: md5
      md5: 357b9b0558310e84e4482ceda18643c4
      size: 3921802
    - path: src/evaluate_model.py
      hash: md5
      md5: 0df36ca13d84ff3ec8c6d53b38f1be39
      size: 1064
